<?xml version="1.0" encoding="utf-8"?>
<Project ToolsVersion="4.0" xmlns="http://schemas.microsoft.com/developer/msbuild/2003">
  <ItemGroup>
    <Filter Include="Source Files">
      <UniqueIdentifier>{4FC737F1-C7A5-4376-A066-2A32D752A2FF}</UniqueIdentifier>
      <Extensions>cpp;c;cc;cxx;c++;cppm;ixx;def;odl;idl;hpj;bat;asm;asmx</Extensions>
    </Filter>
    <Filter Include="Header Files">
      <UniqueIdentifier>{93995380-89BD-4b04-88EB-625FBE52EBFB}</UniqueIdentifier>
      <Extensions>h;hh;hpp;hxx;h++;hm;inl;inc;ipp;xsd</Extensions>
    </Filter>
    <Filter Include="Resource Files">
      <UniqueIdentifier>{67DA6AB6-F800-4c08-8B7A-83BB121AAD01}</UniqueIdentifier>
      <Extensions>rc;ico;cur;bmp;dlg;rc2;rct;bin;rgs;gif;jpg;jpeg;jpe;resx;tiff;tif;png;wav;mfcribbon-ms</Extensions>
    </Filter>
    <Filter Include="Header Files\frontend">
      <UniqueIdentifier>{a6563c1a-a1e4-4822-836f-4b41802b6406}</UniqueIdentifier>
    </Filter>
    <Filter Include="Header Files\tools">
      <UniqueIdentifier>{531ec8cb-22c0-4f29-b5a9-261452f915c6}</UniqueIdentifier>
    </Filter>
    <Filter Include="Header Files\runtime">
      <UniqueIdentifier>{3ab56f8a-d981-4bb6-8905-6d4326462977}</UniqueIdentifier>
    </Filter>
    <Filter Include="Header Files\builtin">
      <UniqueIdentifier>{696fa819-2641-43ef-92c1-29112afdfbd1}</UniqueIdentifier>
    </Filter>
    <Filter Include="Header Files\lib">
      <UniqueIdentifier>{8f9185e7-5912-42ad-8cda-4643ba726d2b}</UniqueIdentifier>
    </Filter>
  </ItemGroup>
  <ItemGroup>
    <ClCompile Include="LEngine.cpp">
      <Filter>Source Files</Filter>
    </ClCompile>
    <ClCompile Include="GlobalState.cpp">
      <Filter>Source Files</Filter>
    </ClCompile>
    <ClCompile Include="Boolean.cpp">
      <Filter>Source Files</Filter>
    </ClCompile>
    <ClCompile Include="MemberFunctions.cpp">
      <Filter>Source Files</Filter>
    </ClCompile>
    <ClCompile Include="Function.cpp">
      <Filter>Source Files</Filter>
    </ClCompile>
    <ClCompile Include="ByteCode.cpp">
      <Filter>Source Files</Filter>
    </ClCompile>
    <ClCompile Include="RuntimeStrings.cpp">
      <Filter>Source Files</Filter>
    </ClCompile>
  </ItemGroup>
  <ItemGroup>
    <ClInclude Include="Lexer.h">
      <Filter>Header Files\frontend</Filter>
    </ClInclude>
    <ClInclude Include="common.h">
      <Filter>Header Files</Filter>
    </ClInclude>
    <ClInclude Include="iter_tools.h">
      <Filter>Header Files\tools</Filter>
    </ClInclude>
    <ClInclude Include="Parser.h">
      <Filter>Header Files\frontend</Filter>
    </ClInclude>
    <ClInclude Include="Repl.h">
      <Filter>Header Files\frontend</Filter>
    </ClInclude>
    <ClInclude Include="format_errs.h">
      <Filter>Header Files\tools</Filter>
    </ClInclude>
    <ClInclude Include="hashing.h">
      <Filter>Header Files\tools</Filter>
    </ClInclude>
    <ClInclude Include="Number.h">
      <Filter>Header Files\builtin</Filter>
    </ClInclude>
    <ClInclude Include="Builtin.h">
      <Filter>Header Files\builtin</Filter>
    </ClInclude>
    <ClInclude Include="String.h">
      <Filter>Header Files\builtin</Filter>
    </ClInclude>
    <ClInclude Include="AbstractVal.h">
      <Filter>Header Files\builtin</Filter>
    </ClInclude>
    <ClInclude Include="Array.h">
      <Filter>Header Files\builtin</Filter>
    </ClInclude>
    <ClInclude Include="Storage.h">
      <Filter>Header Files</Filter>
    </ClInclude>
    <ClInclude Include="Function.h">
      <Filter>Header Files\builtin</Filter>
    </ClInclude>
    <ClInclude Include="MemoryManager.h">
      <Filter>Header Files</Filter>
    </ClInclude>
    <ClInclude Include="GlobalState.h">
      <Filter>Header Files</Filter>
    </ClInclude>
    <ClInclude Include="unit_tests.h">
      <Filter>Header Files</Filter>
    </ClInclude>
    <ClInclude Include="Interpreter.h">
      <Filter>Header Files\runtime</Filter>
    </ClInclude>
    <ClInclude Include="Boolean.h">
      <Filter>Header Files\builtin</Filter>
    </ClInclude>
    <ClInclude Include="Module.h">
      <Filter>Header Files\builtin</Filter>
    </ClInclude>
    <ClInclude Include="DllModule.h">
      <Filter>Header Files\builtin</Filter>
    </ClInclude>
    <ClInclude Include="le_io.h">
      <Filter>Header Files\lib</Filter>
    </ClInclude>
    <ClInclude Include="Runner.h">
      <Filter>Header Files</Filter>
    </ClInclude>
    <ClInclude Include="CPPLeFunction.h">
      <Filter>Header Files\builtin</Filter>
    </ClInclude>
    <ClInclude Include="Compiler.h">
      <Filter>Header Files</Filter>
    </ClInclude>
    <ClInclude Include="ByteCode.h">
      <Filter>Header Files</Filter>
    </ClInclude>
    <ClInclude Include="VM.h">
      <Filter>Header Files</Filter>
    </ClInclude>
    <ClInclude Include="Statements.h">
      <Filter>Header Files</Filter>
    </ClInclude>
    <ClInclude Include="generics.h">
      <Filter>Header Files</Filter>
    </ClInclude>
    <ClInclude Include="VarMap.h">
      <Filter>Header Files</Filter>
    </ClInclude>
    <ClInclude Include="Token.h">
      <Filter>Header Files</Filter>
    </ClInclude>
    <ClInclude Include="Operators.h">
      <Filter>Header Files</Filter>
    </ClInclude>
    <ClInclude Include="Keywords.h">
      <Filter>Header Files</Filter>
    </ClInclude>
    <ClInclude Include="Iterator.h">
      <Filter>Header Files\builtin</Filter>
    </ClInclude>
    <ClInclude Include="MemberFunctions.h">
      <Filter>Header Files\builtin</Filter>
    </ClInclude>
    <ClInclude Include="ReservedFunctions.h">
      <Filter>Header Files\lib</Filter>
    </ClInclude>
    <ClInclude Include="RuntimeStrings.h">
      <Filter>Header Files\tools</Filter>
    </ClInclude>
    <ClInclude Include="Null.h">
      <Filter>Header Files</Filter>
    </ClInclude>
  </ItemGroup>
  <ItemGroup>
    <None Include="file.le">
      <Filter>Source Files</Filter>
    </None>
  </ItemGroup>
</Project>